
Microsoft Visual Studio Solution File, Format Version 12.00
Project("{FAE04EC0-301F-11D3-BF4B-00C04F79EFBC}") = "DutchTreat", "DutchTreat\DutchTreat.csproj", "{52B055AB-A6F3-4717-96F6-01B93E482150}"
EndProject
Project("{FAE04EC0-301F-11D3-BF4B-00C04F79EFBC}") = "Drums.Data", "Drums.Data\Drums.Data.csproj", "{9EFC9B2E-7DB6-4C92-A220-33B314F67EDD}"
EndProject
Global
	GlobalSection(SolutionConfigurationPlatforms) = preSolution
		Debug|Any CPU = Debug|Any CPU
		Release|Any CPU = Release|Any CPU
	EndGlobalSection
	GlobalSection(ProjectConfigurationPlatforms) = postSolution
		{52B055AB-A6F3-4717-96F6-01B93E482150}.Debug|Any CPU.ActiveCfg = Debug|Any CPU
		{52B055AB-A6F3-4717-96F6-01B93E482150}.Debug|Any CPU.Build.0 = Debug|Any CPU
		{52B055AB-A6F3-4717-96F6-01B93E482150}.Release|Any CPU.ActiveCfg = Release|Any CPU
		{52B055AB-A6F3-4717-96F6-01B93E482150}.Release|Any CPU.Build.0 = Release|Any CPU
		{52B055AB-A6F3-4717-96F6-01B93E482150}.Debug|Any CPU.Deploy.0 = Debug|Any CPU
		{9EFC9B2E-7DB6-4C92-A220-33B314F67EDD}.Debug|Any CPU.ActiveCfg = Debug|Any CPU
		{9EFC9B2E-7DB6-4C92-A220-33B314F67EDD}.Debug|Any CPU.Build.0 = Debug|Any CPU
		{9EFC9B2E-7DB6-4C92-A220-33B314F67EDD}.Release|Any CPU.ActiveCfg = Release|Any CPU
		{9EFC9B2E-7DB6-4C92-A220-33B314F67EDD}.Release|Any CPU.Build.0 = Release|Any CPU
	EndGlobalSection
EndGlobal
